
Microsoft Visual Studio Solution File, Format Version 12.00
# Visual Studio Version 16
VisualStudioVersion = 16.0.31624.102
MinimumVisualStudioVersion = 10.0.40219.1
Project("{FAE04EC0-301F-11D3-BF4B-00C04F79EFBC}") = "series", "series\series.csproj", "{8CC97312-5DA2-448E-B594-E45A82C11BB4}"
EndProject
Global
	GlobalSection(SolutionConfigurationPlatforms) = preSolution
		Debug|Any CPU = Debug|Any CPU
		Release|Any CPU = Release|Any CPU
	EndGlobalSection
	GlobalSection(ProjectConfigurationPlatforms) = postSolution
		{8CC97312-5DA2-448E-B594-E45A82C11BB4}.Debug|Any CPU.ActiveCfg = Debug|Any CPU
		{8CC97312-5DA2-448E-B594-E45A82C11BB4}.Debug|Any CPU.Build.0 = Debug|Any CPU
		{8CC97312-5DA2-448E-B594-E45A82C11BB4}.Release|Any CPU.ActiveCfg = Release|Any CPU
		{8CC97312-5DA2-448E-B594-E45A82C11BB4}.Release|Any CPU.Build.0 = Release|Any CPU
	EndGlobalSection
	GlobalSection(SolutionProperties) = preSolution
		HideSolutionNode = FALSE
	EndGlobalSection
	GlobalSection(ExtensibilityGlobals) = postSolution
		SolutionGuid = {81F1534D-E8B5-487A-BF8F-C5DB4811F63B}
	EndGlobalSection
EndGlobal
